
Microsoft Visual Studio Solution File, Format Version 12.00
# Visual Studio Version 16
VisualStudioVersion = 16.0.31129.286
MinimumVisualStudioVersion = 10.0.40219.1
Project("{FAE04EC0-301F-11D3-BF4B-00C04F79EFBC}") = "FirstMenuCommand", "FirstMenuCommand.csproj", "{1ACFEF6A-CB23-4240-A23C-F5FF0970468D}"
EndProject
Global
	GlobalSection(SolutionConfigurationPlatforms) = preSolution
		Debug|Any CPU = Debug|Any CPU
		Release|Any CPU = Release|Any CPU
	EndGlobalSection
	GlobalSection(ProjectConfigurationPlatforms) = postSolution
		{1ACFEF6A-CB23-4240-A23C-F5FF0970468D}.Debug|Any CPU.ActiveCfg = Debug|Any CPU
		{1ACFEF6A-CB23-4240-A23C-F5FF0970468D}.Debug|Any CPU.Build.0 = Debug|Any CPU
		{1ACFEF6A-CB23-4240-A23C-F5FF0970468D}.Release|Any CPU.ActiveCfg = Release|Any CPU
		{1ACFEF6A-CB23-4240-A23C-F5FF0970468D}.Release|Any CPU.Build.0 = Release|Any CPU
	EndGlobalSection
	GlobalSection(SolutionProperties) = preSolution
		HideSolutionNode = FALSE
	EndGlobalSection
	GlobalSection(ExtensibilityGlobals) = postSolution
		SolutionGuid = {36C16DAF-CEB6-48AA-B636-C2FF45927F84}
	EndGlobalSection
EndGlobal
